
Microsoft Visual Studio Solution File, Format Version 12.00
# Visual Studio 15
Project("{FAE04EC0-301F-11D3-BF4B-00C04F79EFBC}") = "VR Laboratory", "VR Laboratory.csproj", "{83ED9133-64F5-7776-D739-0F771EE6D50C}"
EndProject
Project("{FAE04EC0-301F-11D3-BF4B-00C04F79EFBC}") = "VR Laboratory.Plugins", "VR Laboratory.Plugins.csproj", "{B4148C73-E115-5A9D-9CC2-8E2EA0B5F960}"
EndProject
Project("{FAE04EC0-301F-11D3-BF4B-00C04F79EFBC}") = "VR Laboratory.Editor.Plugins", "VR Laboratory.Editor.Plugins.csproj", "{A993975B-985A-DE35-20DE-C28E05567255}"
EndProject
Project("{FAE04EC0-301F-11D3-BF4B-00C04F79EFBC}") = "VR Laboratory.Editor", "VR Laboratory.Editor.csproj", "{98F23107-A70E-A62C-92C4-217980E37C67}"
EndProject
Global
	GlobalSection(SolutionConfigurationPlatforms) = preSolution
		Debug|Any CPU = Debug|Any CPU
		Release|Any CPU = Release|Any CPU
	EndGlobalSection
	GlobalSection(ProjectConfigurationPlatforms) = postSolution
		{83ED9133-64F5-7776-D739-0F771EE6D50C}.Debug|Any CPU.ActiveCfg = Debug|Any CPU
		{83ED9133-64F5-7776-D739-0F771EE6D50C}.Debug|Any CPU.Build.0 = Debug|Any CPU
		{83ED9133-64F5-7776-D739-0F771EE6D50C}.Release|Any CPU.ActiveCfg = Release|Any CPU
		{83ED9133-64F5-7776-D739-0F771EE6D50C}.Release|Any CPU.Build.0 = Release|Any CPU
		{B4148C73-E115-5A9D-9CC2-8E2EA0B5F960}.Debug|Any CPU.ActiveCfg = Debug|Any CPU
		{B4148C73-E115-5A9D-9CC2-8E2EA0B5F960}.Debug|Any CPU.Build.0 = Debug|Any CPU
		{B4148C73-E115-5A9D-9CC2-8E2EA0B5F960}.Release|Any CPU.ActiveCfg = Release|Any CPU
		{B4148C73-E115-5A9D-9CC2-8E2EA0B5F960}.Release|Any CPU.Build.0 = Release|Any CPU
		{A993975B-985A-DE35-20DE-C28E05567255}.Debug|Any CPU.ActiveCfg = Debug|Any CPU
		{A993975B-985A-DE35-20DE-C28E05567255}.Debug|Any CPU.Build.0 = Debug|Any CPU
		{A993975B-985A-DE35-20DE-C28E05567255}.Release|Any CPU.ActiveCfg = Release|Any CPU
		{A993975B-985A-DE35-20DE-C28E05567255}.Release|Any CPU.Build.0 = Release|Any CPU
		{98F23107-A70E-A62C-92C4-217980E37C67}.Debug|Any CPU.ActiveCfg = Debug|Any CPU
		{98F23107-A70E-A62C-92C4-217980E37C67}.Debug|Any CPU.Build.0 = Debug|Any CPU
		{98F23107-A70E-A62C-92C4-217980E37C67}.Release|Any CPU.ActiveCfg = Release|Any CPU
		{98F23107-A70E-A62C-92C4-217980E37C67}.Release|Any CPU.Build.0 = Release|Any CPU
	EndGlobalSection
	GlobalSection(SolutionProperties) = preSolution
		HideSolutionNode = FALSE
	EndGlobalSection
EndGlobal
